
Microsoft Visual Studio Solution File, Format Version 12.00
# Visual Studio Version 17
VisualStudioVersion = 17.10.34916.146
MinimumVisualStudioVersion = 10.0.40219.1
Project("{FAE04EC0-301F-11D3-BF4B-00C04F79EFBC}") = "uri1067", "uri1067\uri1067.csproj", "{EEFE4AC6-FF6B-4CCB-BF6C-F8F224767361}"
EndProject
Global
	GlobalSection(SolutionConfigurationPlatforms) = preSolution
		Debug|Any CPU = Debug|Any CPU
		Release|Any CPU = Release|Any CPU
	EndGlobalSection
	GlobalSection(ProjectConfigurationPlatforms) = postSolution
		{EEFE4AC6-FF6B-4CCB-BF6C-F8F224767361}.Debug|Any CPU.ActiveCfg = Debug|Any CPU
		{EEFE4AC6-FF6B-4CCB-BF6C-F8F224767361}.Debug|Any CPU.Build.0 = Debug|Any CPU
		{EEFE4AC6-FF6B-4CCB-BF6C-F8F224767361}.Release|Any CPU.ActiveCfg = Release|Any CPU
		{EEFE4AC6-FF6B-4CCB-BF6C-F8F224767361}.Release|Any CPU.Build.0 = Release|Any CPU
	EndGlobalSection
	GlobalSection(SolutionProperties) = preSolution
		HideSolutionNode = FALSE
	EndGlobalSection
	GlobalSection(ExtensibilityGlobals) = postSolution
		SolutionGuid = {32898607-B673-41B7-8DFC-36EEFFF65466}
	EndGlobalSection
EndGlobal
